{
    "_meta": {
        "hash": {
            "sha256": "0f101a973e8cdc8e59c0fd9c48f20833f1f7fb0697035dcd8533895281c4a7af"
        },
        "pipfile-spec": 6,
        "requires": {
            "python_version": "3.9"
        },
        "sources": [
            {
                "name": "pypi",
                "url": "https://pypi.python.org/simple",
                "verify_ssl": true
            }
        ]
    },
    "default": {
        "pydantic": {
            "hashes": [
                "sha256:05a81b006be15655b2a1bae5faa4280cf7c81d0e09fcb49b342ebf826abe5a72",
                "sha256:0b53e1d41e97063d51a02821b80538053ee4608b9a181c1005441f1673c55423",
                "sha256:2b3ce5f16deb45c472dde1a0ee05619298c864a20cded09c4edd820e1454129f",
                "sha256:2e82a6d37a95e0b1b42b82ab340ada3963aea1317fd7f888bb6b9dfbf4fff57c",
                "sha256:301d626a59edbe5dfb48fcae245896379a450d04baeed50ef40d8199f2733b06",
                "sha256:39f4a73e5342b25c2959529f07f026ef58147249f9b7431e1ba8414a36761f53",
                "sha256:4948f264678c703f3877d1c8877c4e3b2e12e549c57795107f08cf70c6ec7774",
                "sha256:4b05697738e7d2040696b0a66d9f0a10bec0efa1883ca75ee9e55baf511909d6",
                "sha256:51bdeb10d2db0f288e71d49c9cefa609bca271720ecd0c58009bd7504a0c464c",
                "sha256:55b1625899acd33229c4352ce0ae54038529b412bd51c4915349b49ca575258f",
                "sha256:572066051eeac73d23f95ba9a71349c42a3e05999d0ee1572b7860235b850cc6",
                "sha256:6a05a9db1ef5be0fe63e988f9617ca2551013f55000289c671f71ec16f4985e3",
                "sha256:6dc1cc241440ed7ca9ab59d9929075445da6b7c94ced281b3dd4cfe6c8cff817",
                "sha256:6e7124d6855b2780611d9f5e1e145e86667eaa3bd9459192c8dc1a097f5e9903",
                "sha256:75d52162fe6b2b55964fbb0af2ee58e99791a3138588c482572bb6087953113a",
                "sha256:78cec42b95dbb500a1f7120bdf95c401f6abb616bbe8785ef09887306792e66e",
                "sha256:7feb6a2d401f4d6863050f58325b8d99c1e56f4512d98b11ac64ad1751dc647d",
                "sha256:8775d4ef5e7299a2f4699501077a0defdaac5b6c4321173bcb0f3c496fbadf85",
                "sha256:887ca463c3bc47103c123bc06919c86720e80e1214aab79e9b779cda0ff92a00",
                "sha256:9193d4f4ee8feca58bc56c8306bcb820f5c7905fd919e0750acdeeeef0615b28",
                "sha256:983e720704431a6573d626b00662eb78a07148c9115129f9b4351091ec95ecc3",
                "sha256:990406d226dea0e8f25f643b370224771878142155b879784ce89f633541a024",
                "sha256:9cbdc268a62d9a98c56e2452d6c41c0263d64a2009aac69246486f01b4f594c4",
                "sha256:a48f1953c4a1d9bd0b5167ac50da9a79f6072c63c4cef4cf2a3736994903583e",
                "sha256:a9a6747cac06c2beb466064dda999a13176b23535e4c496c9d48e6406f92d42d",
                "sha256:a9f2de23bec87ff306aef658384b02aa7c32389766af3c5dee9ce33e80222dfa",
                "sha256:b5635de53e6686fe7a44b5cf25fcc419a0d5e5c1a1efe73d49d48fe7586db854",
                "sha256:b6f9d649892a6f54a39ed56b8dfd5e08b5f3be5f893da430bed76975f3735d15",
                "sha256:b9a3859f24eb4e097502a3be1fb4b2abb79b6103dd9e2e0edb70613a4459a648",
                "sha256:cd8702c5142afda03dc2b1ee6bc358b62b3735b2cce53fc77b31ca9f728e4bc8",
                "sha256:d7b5a3821225f5c43496c324b0d6875fde910a1c2933d726a743ce328fbb2a8c",
                "sha256:d88c4c0e5c5dfd05092a4b271282ef0588e5f4aaf345778056fc5259ba098857",
                "sha256:eb992a1ef739cc7b543576337bebfc62c0e6567434e522e97291b251a41dad7f",
                "sha256:f2f7eb6273dd12472d7f218e1fef6f7c7c2f00ac2e1ecde4db8824c457300416",
                "sha256:fdf88ab63c3ee282c76d652fc86518aacb737ff35796023fae56a65ced1a5978",
                "sha256:fdf8d759ef326962b4678d89e275ffc55b7ce59d917d9f72233762061fd04a2d"
            ],
            "index": "pypi",
            "version": "==1.10.4"
        },
        "typing-extensions": {
            "hashes": [
                "sha256:1511434bb92bf8dd198c12b1cc812e800d4181cfcb867674e0f8279cc93087aa",
                "sha256:16fa4864408f655d35ec496218b85f79b3437c829e93320c7c9215ccfd92489e"
            ],
            "markers": "python_version >= '3.7'",
            "version": "==4.4.0"
        },
        "websocket-client": {
            "hashes": [
                "sha256:50b21db0058f7a953d67cc0445be4b948d7fc196ecbeb8083d68d94628e4abf6",
                "sha256:722b171be00f2b90e1d4fb2f2b53146a536ca38db1da8ff49c972a4e1365d0ef"
            ],
            "index": "pypi",
            "version": "==1.3.2"
        },
        "websockets": {
            "hashes": [
                "sha256:07cdc0a5b2549bcfbadb585ad8471ebdc7bdf91e32e34ae3889001c1c106a6af",
                "sha256:210aad7fdd381c52e58777560860c7e6110b6174488ef1d4b681c08b68bf7f8c",
                "sha256:28dd20b938a57c3124028680dc1600c197294da5db4292c76a0b48efb3ed7f76",
                "sha256:2f94fa3ae454a63ea3a19f73b95deeebc9f02ba2d5617ca16f0bbdae375cda47",
                "sha256:31564a67c3e4005f27815634343df688b25705cccb22bc1db621c781ddc64c69",
                "sha256:347974105bbd4ea068106ec65e8e8ebd86f28c19e529d115d89bd8cc5cda3079",
                "sha256:379e03422178436af4f3abe0aa8f401aa77ae2487843738542a75faf44a31f0c",
                "sha256:3eda1cb7e9da1b22588cefff09f0951771d6ee9fa8dbe66f5ae04cc5f26b2b55",
                "sha256:51695d3b199cd03098ae5b42833006a0f43dc5418d3102972addc593a783bc02",
                "sha256:54c000abeaff6d8771a4e2cef40900919908ea7b6b6a30eae72752607c6db559",
                "sha256:5b936bf552e4f6357f5727579072ff1e1324717902127ffe60c92d29b67b7be3",
                "sha256:6075fd24df23133c1b078e08a9b04a3bc40b31a8def4ee0b9f2c8865acce913e",
                "sha256:661f641b44ed315556a2fa630239adfd77bd1b11cb0b9d96ed8ad90b0b1e4978",
                "sha256:6ea6b300a6bdd782e49922d690e11c3669828fe36fc2471408c58b93b5535a98",
                "sha256:6ed1d6f791eabfd9808afea1e068f5e59418e55721db8b7f3bfc39dc831c42ae",
                "sha256:7934e055fd5cd9dee60f11d16c8d79c4567315824bacb1246d0208a47eca9755",
                "sha256:7ab36e17af592eec5747c68ef2722a74c1a4a70f3772bc661079baf4ae30e40d",
                "sha256:7f6d96fdb0975044fdd7953b35d003b03f9e2bcf85f2d2cf86285ece53e9f991",
                "sha256:83e5ca0d5b743cde3d29fda74ccab37bdd0911f25bd4cdf09ff8b51b7b4f2fa1",
                "sha256:85506b3328a9e083cc0a0fb3ba27e33c8db78341b3eb12eb72e8afd166c36680",
                "sha256:8af75085b4bc0b5c40c4a3c0e113fa95e84c60f4ed6786cbb675aeb1ee128247",
                "sha256:8b1359aba0ff810d5830d5ab8e2c4a02bebf98a60aa0124fb29aa78cfdb8031f",
                "sha256:8fbd7d77f8aba46d43245e86dd91a8970eac4fb74c473f8e30e9c07581f852b2",
                "sha256:907e8247480f287aa9bbc9391bd6de23c906d48af54c8c421df84655eef66af7",
                "sha256:93d5ea0b5da8d66d868b32c614d2b52d14304444e39e13a59566d4acb8d6e2e4",
                "sha256:97bc9d41e69a7521a358f9b8e44871f6cdeb42af31815c17aed36372d4eec667",
                "sha256:994cdb1942a7a4c2e10098d9162948c9e7b235df755de91ca33f6e0481366fdb",
                "sha256:a141de3d5a92188234afa61653ed0bbd2dde46ad47b15c3042ffb89548e77094",
                "sha256:a1e15b230c3613e8ea82c9fc6941b2093e8eb939dd794c02754d33980ba81e36",
                "sha256:aad5e300ab32036eb3fdc350ad30877210e2f51bceaca83fb7fef4d2b6c72b79",
                "sha256:b529fdfa881b69fe563dbd98acce84f3e5a67df13de415e143ef053ff006d500",
                "sha256:b9c77f0d1436ea4b4dc089ed8335fa141e6a251a92f75f675056dac4ab47a71e",
                "sha256:bb621ec2dbbbe8df78a27dbd9dd7919f9b7d32a73fafcb4d9252fc4637343582",
                "sha256:c7250848ce69559756ad0086a37b82c986cd33c2d344ab87fea596c5ac6d9442",
                "sha256:c8d1d14aa0f600b5be363077b621b1b4d1eb3fbf90af83f9281cda668e6ff7fd",
                "sha256:d1655a6fc7aecd333b079d00fb3c8132d18988e47f19740c69303bf02e9883c6",
                "sha256:d6353ba89cfc657a3f5beabb3b69be226adbb5c6c7a66398e17809b0ce3c4731",
                "sha256:da4377904a3379f0c1b75a965fff23b28315bcd516d27f99a803720dfebd94d4",
                "sha256:e49ea4c1a9543d2bd8a747ff24411509c29e4bdcde05b5b0895e2120cb1a761d",
                "sha256:e4e08305bfd76ba8edab08dcc6496f40674f44eb9d5e23153efa0a35750337e8",
                "sha256:e6fa05a680e35d0fcc1470cb070b10e6fe247af54768f488ed93542e71339d6f",
                "sha256:e7e6f2d6fd48422071cc8a6f8542016f350b79cc782752de531577d35e9bd677",
                "sha256:e904c0381c014b914136c492c8fa711ca4cced4e9b3d110e5e7d436d0fc289e8",
                "sha256:ec2b0ab7edc8cd4b0eb428b38ed89079bdc20c6bdb5f889d353011038caac2f9",
                "sha256:ef5ce841e102278c1c2e98f043db99d6755b1c58bde475516aef3a008ed7f28e",
                "sha256:f351c7d7d92f67c0609329ab2735eee0426a03022771b00102816a72715bb00b",
                "sha256:fab7c640815812ed5f10fbee7abbf58788d602046b7bb3af9b1ac753a6d5e916",
                "sha256:fc06cc8073c8e87072138ba1e431300e2d408f054b27047d047b549455066ff4"
            ],
            "index": "pypi",
            "version": "==10.3"
        }
    },
    "develop": {
        "mypy": {
            "hashes": [
                "sha256:006be38474216b833eca29ff6b73e143386f352e10e9c2fbe76aa8549e5554f5",
                "sha256:03c6cc893e7563e7b2949b969e63f02c000b32502a1b4d1314cabe391aa87d66",
                "sha256:0e9f70df36405c25cc530a86eeda1e0867863d9471fe76d1273c783df3d35c2e",
                "sha256:1ece702f29270ec6af25db8cf6185c04c02311c6bb21a69f423d40e527b75c56",
                "sha256:3e09f1f983a71d0672bbc97ae33ee3709d10c779beb613febc36805a6e28bb4e",
                "sha256:439c726a3b3da7ca84a0199a8ab444cd8896d95012c4a6c4a0d808e3147abf5d",
                "sha256:5a0b53747f713f490affdceef835d8f0cb7285187a6a44c33821b6d1f46ed813",
                "sha256:5f1332964963d4832a94bebc10f13d3279be3ce8f6c64da563d6ee6e2eeda932",
                "sha256:63e85a03770ebf403291ec50097954cc5caf2a9205c888ce3a61bd3f82e17569",
                "sha256:64759a273d590040a592e0f4186539858c948302c653c2eac840c7a3cd29e51b",
                "sha256:697540876638ce349b01b6786bc6094ccdaba88af446a9abb967293ce6eaa2b0",
                "sha256:9940e6916ed9371809b35b2154baf1f684acba935cd09928952310fbddaba648",
                "sha256:9f5f5a74085d9a81a1f9c78081d60a0040c3efb3f28e5c9912b900adf59a16e6",
                "sha256:a5ea0875a049de1b63b972456542f04643daf320d27dc592d7c3d9cd5d9bf950",
                "sha256:b117650592e1782819829605a193360a08aa99f1fc23d1d71e1a75a142dc7e15",
                "sha256:b24be97351084b11582fef18d79004b3e4db572219deee0212078f7cf6352723",
                "sha256:b88f784e9e35dcaa075519096dc947a388319cb86811b6af621e3523980f1c8a",
                "sha256:bdd5ca340beffb8c44cb9dc26697628d1b88c6bddf5c2f6eb308c46f269bb6f3",
                "sha256:d5aaf1edaa7692490f72bdb9fbd941fbf2e201713523bdb3f4038be0af8846c6",
                "sha256:e999229b9f3198c0c880d5e269f9f8129c8862451ce53a011326cad38b9ccd24",
                "sha256:f4a21d01fc0ba4e31d82f0fff195682e29f9401a8bdb7173891070eb260aeb3b",
                "sha256:f4b794db44168a4fc886e3450201365c9526a522c46ba089b55e1f11c163750d",
                "sha256:f730d56cb924d371c26b8eaddeea3cc07d78ff51c521c6d04899ac6904b75492"
            ],
            "index": "pypi",
            "version": "==0.961"
        },
        "mypy-extensions": {
            "hashes": [
                "sha256:090fedd75945a69ae91ce1303b5824f428daf5a028d2f6ab8a299250a846f15d",
                "sha256:2d82818f5bb3e369420cb3c4060a7970edba416647068eb4c5343488a6c604a8"
            ],
            "version": "==0.4.3"
        },
        "tomli": {
            "hashes": [
                "sha256:939de3e7a6161af0c887ef91b7d41a53e7c5a1ca976325f429cb46ea9bc30ecc",
                "sha256:de526c12914f0c550d15924c62d72abc48d6fe7364aa87328337a31007fe8a4f"
            ],
            "markers": "python_version < '3.11'",
            "version": "==2.0.1"
        },
        "typing-extensions": {
            "hashes": [
                "sha256:1511434bb92bf8dd198c12b1cc812e800d4181cfcb867674e0f8279cc93087aa",
                "sha256:16fa4864408f655d35ec496218b85f79b3437c829e93320c7c9215ccfd92489e"
            ],
            "markers": "python_version >= '3.7'",
            "version": "==4.4.0"
        }
    }
}
